// !$*UTF8*$!
{
	archiveVersion = 1;
	classes = {
	};
	objectVersion = 46;
	objects = {

/* Begin PBXBuildFile section */
		620146F41E139C7A00D91A73 /* main.m in Sources */ = {isa = PBXBuildFile; fileRef = 620146F31E139C7A00D91A73 /* main.m */; };
		620146F71E139C7A00D91A73 /* AppDelegate.m in Sources */ = {isa = PBXBuildFile; fileRef = 620146F61E139C7A00D91A73 /* AppDelegate.m */; };
		620146FA1E139C7A00D91A73 /* ViewController.m in Sources */ = {isa = PBXBuildFile; fileRef = 620146F91E139C7A00D91A73 /* ViewController.m */; };
		620146FD1E139C7A00D91A73 /* Main.storyboard in Resources */ = {isa = PBXBuildFile; fileRef = 620146FB1E139C7A00D91A73 /* Main.storyboard */; };
		620146FF1E139C7A00D91A73 /* Assets.xcassets in Resources */ = {isa = PBXBuildFile; fileRef = 620146FE1E139C7A00D91A73 /* Assets.xcassets */; };
		620147021E139C7A00D91A73 /* LaunchScreen.storyboard in Resources */ = {isa = PBXBuildFile; fileRef = 620147001E139C7A00D91A73 /* LaunchScreen.storyboard */; };
		6201470D1E139C7A00D91A73 /* WorkDemoTests.m in Sources */ = {isa = PBXBuildFile; fileRef = 6201470C1E139C7A00D91A73 /* WorkDemoTests.m */; };
		620147181E139C7A00D91A73 /* WorkDemoUITests.m in Sources */ = {isa = PBXBuildFile; fileRef = 620147171E139C7A00D91A73 /* WorkDemoUITests.m */; };
		6220695B1E5692A30043CF47 /* GCDBase.m in Sources */ = {isa = PBXBuildFile; fileRef = 622069541E5692A30043CF47 /* GCDBase.m */; };
		6220695C1E5692A30043CF47 /* KVCBase.m in Sources */ = {isa = PBXBuildFile; fileRef = 622069561E5692A30043CF47 /* KVCBase.m */; };
		6220695D1E5692A30043CF47 /* KVOBase.m in Sources */ = {isa = PBXBuildFile; fileRef = 622069581E5692A30043CF47 /* KVOBase.m */; };
		6220695E1E5692A30043CF47 /* NSCopyingBase.m in Sources */ = {isa = PBXBuildFile; fileRef = 6220695A1E5692A30043CF47 /* NSCopyingBase.m */; };
		628F59F41E542C450051A46C /* SDWebImageTools.m in Sources */ = {isa = PBXBuildFile; fileRef = 628F59F31E542C450051A46C /* SDWebImageTools.m */; };
		628F59F71E5430BA0051A46C /* test.json in Resources */ = {isa = PBXBuildFile; fileRef = 628F59F61E5430BA0051A46C /* test.json */; };
		628F59FA1E5430E40051A46C /* ProBasicSimNetworking.m in Sources */ = {isa = PBXBuildFile; fileRef = 628F59F91E5430E40051A46C /* ProBasicSimNetworking.m */; };
		628F5A011E54324D0051A46C /* ProBasicVModel.m in Sources */ = {isa = PBXBuildFile; fileRef = 628F5A001E54324D0051A46C /* ProBasicVModel.m */; };
		628F5A041E5432E60051A46C /* TestHomeVModel.m in Sources */ = {isa = PBXBuildFile; fileRef = 628F5A031E5432E60051A46C /* TestHomeVModel.m */; };
		628F5A081E54337F0051A46C /* TestHomeModel.m in Sources */ = {isa = PBXBuildFile; fileRef = 628F5A071E54337F0051A46C /* TestHomeModel.m */; };
		628F5A0B1E5433B00051A46C /* ProBasicModel.m in Sources */ = {isa = PBXBuildFile; fileRef = 628F5A0A1E5433B00051A46C /* ProBasicModel.m */; };
		628F5A0F1E5434CB0051A46C /* TestViewController.m in Sources */ = {isa = PBXBuildFile; fileRef = 628F5A0E1E5434CB0051A46C /* TestViewController.m */; };
		628F5A151E5435250051A46C /* TestCell.m in Sources */ = {isa = PBXBuildFile; fileRef = 628F5A141E5435250051A46C /* TestCell.m */; };
		85E320CD27B9E535ED6BDEC7 /* libPods-WorkDemoUITests.a in Frameworks */ = {isa = PBXBuildFile; fileRef = 3D9D51A1011F141C89FD6D87 /* libPods-WorkDemoUITests.a */; };
		D91EE4AEB3C7E0BFBD796070 /* libPods-WorkDemoTests.a in Frameworks */ = {isa = PBXBuildFile; fileRef = 3A90AD8F813BF8885297C229 /* libPods-WorkDemoTests.a */; };
		DE03006BED0A54CE33206F7C /* libPods-WorkDemo.a in Frameworks */ = {isa = PBXBuildFile; fileRef = 73662F7FB8EE9D6C28A069B6 /* libPods-WorkDemo.a */; };
/* End PBXBuildFile section */

/* Begin PBXContainerItemProxy section */
		620147091E139C7A00D91A73 /* PBXContainerItemProxy */ = {
			isa = PBXContainerItemProxy;
			containerPortal = 620146E71E139C7A00D91A73 /* Project object */;
			proxyType = 1;
			remoteGlobalIDString = 620146EE1E139C7A00D91A73;
			remoteInfo = WorkDemo;
		};
		620147141E139C7A00D91A73 /* PBXContainerItemProxy */ = {
			isa = PBXContainerItemProxy;
			containerPortal = 620146E71E139C7A00D91A73 /* Project object */;
			proxyType = 1;
			remoteGlobalIDString = 620146EE1E139C7A00D91A73;
			remoteInfo = WorkDemo;
		};
/* End PBXContainerItemProxy section */

/* Begin PBXFileReference section */
		07EFEEB59731752E3E3C31C4 /* Pods-WorkDemoTests.release.xcconfig */ = {isa = PBXFileReference; includeInIndex = 1; lastKnownFileType = text.xcconfig; name = "Pods-WorkDemoTests.release.xcconfig"; path = "Pods/Target Support Files/Pods-WorkDemoTests/Pods-WorkDemoTests.release.xcconfig"; sourceTree = "<group>"; };
		22F5E67DDA3D8CB2A529E4E6 /* Pods-WorkDemo.debug.xcconfig */ = {isa = PBXFileReference; includeInIndex = 1; lastKnownFileType = text.xcconfig; name = "Pods-WorkDemo.debug.xcconfig"; path = "Pods/Target Support Files/Pods-WorkDemo/Pods-WorkDemo.debug.xcconfig"; sourceTree = "<group>"; };
		392663ED9048B77C1C7B27A0 /* Pods-WorkDemoTests.debug.xcconfig */ = {isa = PBXFileReference; includeInIndex = 1; lastKnownFileType = text.xcconfig; name = "Pods-WorkDemoTests.debug.xcconfig"; path = "Pods/Target Support Files/Pods-WorkDemoTests/Pods-WorkDemoTests.debug.xcconfig"; sourceTree = "<group>"; };
		3A90AD8F813BF8885297C229 /* libPods-WorkDemoTests.a */ = {isa = PBXFileReference; explicitFileType = archive.ar; includeInIndex = 0; path = "libPods-WorkDemoTests.a"; sourceTree = BUILT_PRODUCTS_DIR; };
		3C1CDC422E1628FAF951A0C6 /* Pods-WorkDemoUITests.release.xcconfig */ = {isa = PBXFileReference; includeInIndex = 1; lastKnownFileType = text.xcconfig; name = "Pods-WorkDemoUITests.release.xcconfig"; path = "Pods/Target Support Files/Pods-WorkDemoUITests/Pods-WorkDemoUITests.release.xcconfig"; sourceTree = "<group>"; };
		3D9D51A1011F141C89FD6D87 /* libPods-WorkDemoUITests.a */ = {isa = PBXFileReference; explicitFileType = archive.ar; includeInIndex = 0; path = "libPods-WorkDemoUITests.a"; sourceTree = BUILT_PRODUCTS_DIR; };
		620146EF1E139C7A00D91A73 /* WorkDemo.app */ = {isa = PBXFileReference; explicitFileType = wrapper.application; includeInIndex = 0; path = WorkDemo.app; sourceTree = BUILT_PRODUCTS_DIR; };
		620146F31E139C7A00D91A73 /* main.m */ = {isa = PBXFileReference; lastKnownFileType = sourcecode.c.objc; path = main.m; sourceTree = "<group>"; };
		620146F51E139C7A00D91A73 /* AppDelegate.h */ = {isa = PBXFileReference; lastKnownFileType = sourcecode.c.h; path = AppDelegate.h; sourceTree = "<group>"; };
		620146F61E139C7A00D91A73 /* AppDelegate.m */ = {isa = PBXFileReference; lastKnownFileType = sourcecode.c.objc; path = AppDelegate.m; sourceTree = "<group>"; };
		620146F81E139C7A00D91A73 /* ViewController.h */ = {isa = PBXFileReference; lastKnownFileType = sourcecode.c.h; path = ViewController.h; sourceTree = "<group>"; };
		620146F91E139C7A00D91A73 /* ViewController.m */ = {isa = PBXFileReference; lastKnownFileType = sourcecode.c.objc; path = ViewController.m; sourceTree = "<group>"; };
		620146FC1E139C7A00D91A73 /* Base */ = {isa = PBXFileReference; lastKnownFileType = file.storyboard; name = Base; path = Base.lproj/Main.storyboard; sourceTree = "<group>"; };
		620146FE1E139C7A00D91A73 /* Assets.xcassets */ = {isa = PBXFileReference; lastKnownFileType = folder.assetcatalog; path = Assets.xcassets; sourceTree = "<group>"; };
		620147011E139C7A00D91A73 /* Base */ = {isa = PBXFileReference; lastKnownFileType = file.storyboard; name = Base; path = Base.lproj/LaunchScreen.storyboard; sourceTree = "<group>"; };
		620147031E139C7A00D91A73 /* Info.plist */ = {isa = PBXFileReference; lastKnownFileType = text.plist.xml; path = Info.plist; sourceTree = "<group>"; };
		620147081E139C7A00D91A73 /* WorkDemoTests.xctest */ = {isa = PBXFileReference; explicitFileType = wrapper.cfbundle; includeInIndex = 0; path = WorkDemoTests.xctest; sourceTree = BUILT_PRODUCTS_DIR; };
		6201470C1E139C7A00D91A73 /* WorkDemoTests.m */ = {isa = PBXFileReference; lastKnownFileType = sourcecode.c.objc; path = WorkDemoTests.m; sourceTree = "<group>"; };
		6201470E1E139C7A00D91A73 /* Info.plist */ = {isa = PBXFileReference; lastKnownFileType = text.plist.xml; path = Info.plist; sourceTree = "<group>"; };
		620147131E139C7A00D91A73 /* WorkDemoUITests.xctest */ = {isa = PBXFileReference; explicitFileType = wrapper.cfbundle; includeInIndex = 0; path = WorkDemoUITests.xctest; sourceTree = BUILT_PRODUCTS_DIR; };
		620147171E139C7A00D91A73 /* WorkDemoUITests.m */ = {isa = PBXFileReference; lastKnownFileType = sourcecode.c.objc; path = WorkDemoUITests.m; sourceTree = "<group>"; };
		620147191E139C7A00D91A73 /* Info.plist */ = {isa = PBXFileReference; lastKnownFileType = text.plist.xml; path = Info.plist; sourceTree = "<group>"; };
		622069531E5692A30043CF47 /* GCDBase.h */ = {isa = PBXFileReference; fileEncoding = 4; lastKnownFileType = sourcecode.c.h; path = GCDBase.h; sourceTree = "<group>"; };
		622069541E5692A30043CF47 /* GCDBase.m */ = {isa = PBXFileReference; fileEncoding = 4; lastKnownFileType = sourcecode.c.objc; path = GCDBase.m; sourceTree = "<group>"; };
		622069551E5692A30043CF47 /* KVCBase.h */ = {isa = PBXFileReference; fileEncoding = 4; lastKnownFileType = sourcecode.c.h; path = KVCBase.h; sourceTree = "<group>"; };
		622069561E5692A30043CF47 /* KVCBase.m */ = {isa = PBXFileReference; fileEncoding = 4; lastKnownFileType = sourcecode.c.objc; path = KVCBase.m; sourceTree = "<group>"; };
		622069571E5692A30043CF47 /* KVOBase.h */ = {isa = PBXFileReference; fileEncoding = 4; lastKnownFileType = sourcecode.c.h; path = KVOBase.h; sourceTree = "<group>"; };
		622069581E5692A30043CF47 /* KVOBase.m */ = {isa = PBXFileReference; fileEncoding = 4; lastKnownFileType = sourcecode.c.objc; path = KVOBase.m; sourceTree = "<group>"; };
		622069591E5692A30043CF47 /* NSCopyingBase.h */ = {isa = PBXFileReference; fileEncoding = 4; lastKnownFileType = sourcecode.c.h; path = NSCopyingBase.h; sourceTree = "<group>"; };
		6220695A1E5692A30043CF47 /* NSCopyingBase.m */ = {isa = PBXFileReference; fileEncoding = 4; lastKnownFileType = sourcecode.c.objc; path = NSCopyingBase.m; sourceTree = "<group>"; };
		628F59F21E542C450051A46C /* SDWebImageTools.h */ = {isa = PBXFileReference; fileEncoding = 4; lastKnownFileType = sourcecode.c.h; path = SDWebImageTools.h; sourceTree = "<group>"; };
		628F59F31E542C450051A46C /* SDWebImageTools.m */ = {isa = PBXFileReference; fileEncoding = 4; lastKnownFileType = sourcecode.c.objc; path = SDWebImageTools.m; sourceTree = "<group>"; };
		628F59F61E5430BA0051A46C /* test.json */ = {isa = PBXFileReference; fileEncoding = 4; lastKnownFileType = text.json; path = test.json; sourceTree = "<group>"; };
		628F59F81E5430E40051A46C /* ProBasicSimNetworking.h */ = {isa = PBXFileReference; fileEncoding = 4; lastKnownFileType = sourcecode.c.h; path = ProBasicSimNetworking.h; sourceTree = "<group>"; };
		628F59F91E5430E40051A46C /* ProBasicSimNetworking.m */ = {isa = PBXFileReference; fileEncoding = 4; lastKnownFileType = sourcecode.c.objc; path = ProBasicSimNetworking.m; sourceTree = "<group>"; };
		628F59FF1E54324D0051A46C /* ProBasicVModel.h */ = {isa = PBXFileReference; fileEncoding = 4; lastKnownFileType = sourcecode.c.h; path = ProBasicVModel.h; sourceTree = "<group>"; };
		628F5A001E54324D0051A46C /* ProBasicVModel.m */ = {isa = PBXFileReference; fileEncoding = 4; lastKnownFileType = sourcecode.c.objc; path = ProBasicVModel.m; sourceTree = "<group>"; };
		628F5A021E5432E60051A46C /* TestHomeVModel.h */ = {isa = PBXFileReference; fileEncoding = 4; lastKnownFileType = sourcecode.c.h; path = TestHomeVModel.h; sourceTree = "<group>"; };
		628F5A031E5432E60051A46C /* TestHomeVModel.m */ = {isa = PBXFileReference; fileEncoding = 4; lastKnownFileType = sourcecode.c.objc; path = TestHomeVModel.m; sourceTree = "<group>"; };
		628F5A061E54337F0051A46C /* TestHomeModel.h */ = {isa = PBXFileReference; fileEncoding = 4; lastKnownFileType = sourcecode.c.h; path = TestHomeModel.h; sourceTree = "<group>"; };
		628F5A071E54337F0051A46C /* TestHomeModel.m */ = {isa = PBXFileReference; fileEncoding = 4; lastKnownFileType = sourcecode.c.objc; path = TestHomeModel.m; sourceTree = "<group>"; };
		628F5A091E5433B00051A46C /* ProBasicModel.h */ = {isa = PBXFileReference; fileEncoding = 4; lastKnownFileType = sourcecode.c.h; path = ProBasicModel.h; sourceTree = "<group>"; };
		628F5A0A1E5433B00051A46C /* ProBasicModel.m */ = {isa = PBXFileReference; fileEncoding = 4; lastKnownFileType = sourcecode.c.objc; path = ProBasicModel.m; sourceTree = "<group>"; };
		628F5A0D1E5434CB0051A46C /* TestViewController.h */ = {isa = PBXFileReference; fileEncoding = 4; lastKnownFileType = sourcecode.c.h; path = TestViewController.h; sourceTree = "<group>"; };
		628F5A0E1E5434CB0051A46C /* TestViewController.m */ = {isa = PBXFileReference; fileEncoding = 4; lastKnownFileType = sourcecode.c.objc; path = TestViewController.m; sourceTree = "<group>"; };
		628F5A131E5435250051A46C /* TestCell.h */ = {isa = PBXFileReference; fileEncoding = 4; lastKnownFileType = sourcecode.c.h; path = TestCell.h; sourceTree = "<group>"; };
		628F5A141E5435250051A46C /* TestCell.m */ = {isa = PBXFileReference; fileEncoding = 4; lastKnownFileType = sourcecode.c.objc; path = TestCell.m; sourceTree = "<group>"; };
		73662F7FB8EE9D6C28A069B6 /* libPods-WorkDemo.a */ = {isa = PBXFileReference; explicitFileType = archive.ar; includeInIndex = 0; path = "libPods-WorkDemo.a"; sourceTree = BUILT_PRODUCTS_DIR; };
		7E7C9D3C2A78A6C2C53D9CDC /* Pods-WorkDemo.release.xcconfig */ = {isa = PBXFileReference; includeInIndex = 1; lastKnownFileType = text.xcconfig; name = "Pods-WorkDemo.release.xcconfig"; path = "Pods/Target Support Files/Pods-WorkDemo/Pods-WorkDemo.release.xcconfig"; sourceTree = "<group>"; };
		FACD506C0F5313C65B687A04 /* Pods-WorkDemoUITests.debug.xcconfig */ = {isa = PBXFileReference; includeInIndex = 1; lastKnownFileType = text.xcconfig; name = "Pods-WorkDemoUITests.debug.xcconfig"; path = "Pods/Target Support Files/Pods-WorkDemoUITests/Pods-WorkDemoUITests.debug.xcconfig"; sourceTree = "<group>"; };
/* End PBXFileReference section */

/* Begin PBXFrameworksBuildPhase section */
		620146EC1E139C7A00D91A73 /* Frameworks */ = {
			isa = PBXFrameworksBuildPhase;
			buildActionMask = 2147483647;
			files = (
				DE03006BED0A54CE33206F7C /* libPods-WorkDemo.a in Frameworks */,
			);
			runOnlyForDeploymentPostprocessing = 0;
		};
		620147051E139C7A00D91A73 /* Frameworks */ = {
			isa = PBXFrameworksBuildPhase;
			buildActionMask = 2147483647;
			files = (
				D91EE4AEB3C7E0BFBD796070 /* libPods-WorkDemoTests.a in Frameworks */,
			);
			runOnlyForDeploymentPostprocessing = 0;
		};
		620147101E139C7A00D91A73 /* Frameworks */ = {
			isa = PBXFrameworksBuildPhase;
			buildActionMask = 2147483647;
			files = (
				85E320CD27B9E535ED6BDEC7 /* libPods-WorkDemoUITests.a in Frameworks */,
			);
			runOnlyForDeploymentPostprocessing = 0;
		};
/* End PBXFrameworksBuildPhase section */

/* Begin PBXGroup section */
		181A2C0C9D492CF170AB569C /* Pods */ = {
			isa = PBXGroup;
			children = (
				22F5E67DDA3D8CB2A529E4E6 /* Pods-WorkDemo.debug.xcconfig */,
				7E7C9D3C2A78A6C2C53D9CDC /* Pods-WorkDemo.release.xcconfig */,
				392663ED9048B77C1C7B27A0 /* Pods-WorkDemoTests.debug.xcconfig */,
				07EFEEB59731752E3E3C31C4 /* Pods-WorkDemoTests.release.xcconfig */,
				FACD506C0F5313C65B687A04 /* Pods-WorkDemoUITests.debug.xcconfig */,
				3C1CDC422E1628FAF951A0C6 /* Pods-WorkDemoUITests.release.xcconfig */,
			);
			name = Pods;
			sourceTree = "<group>";
		};
		620146E61E139C7A00D91A73 = {
			isa = PBXGroup;
			children = (
				620146F11E139C7A00D91A73 /* WorkDemo */,
				6201470B1E139C7A00D91A73 /* WorkDemoTests */,
				620147161E139C7A00D91A73 /* WorkDemoUITests */,
				620146F01E139C7A00D91A73 /* Products */,
				181A2C0C9D492CF170AB569C /* Pods */,
				E056C725750F492EC2C81553 /* Frameworks */,
			);
			sourceTree = "<group>";
		};
		620146F01E139C7A00D91A73 /* Products */ = {
			isa = PBXGroup;
			children = (
				620146EF1E139C7A00D91A73 /* WorkDemo.app */,
				620147081E139C7A00D91A73 /* WorkDemoTests.xctest */,
				620147131E139C7A00D91A73 /* WorkDemoUITests.xctest */,
			);
			name = Products;
			sourceTree = "<group>";
		};
		620146F11E139C7A00D91A73 /* WorkDemo */ = {
			isa = PBXGroup;
			children = (
				622069521E5692A30043CF47 /* Base */,
				628F59F11E542C310051A46C /* Manager */,
				628F59F01E541F840051A46C /* MVVM */,
				620146F51E139C7A00D91A73 /* AppDelegate.h */,
				620146F61E139C7A00D91A73 /* AppDelegate.m */,
				620146F81E139C7A00D91A73 /* ViewController.h */,
				620146F91E139C7A00D91A73 /* ViewController.m */,
				620146FB1E139C7A00D91A73 /* Main.storyboard */,
				620146FE1E139C7A00D91A73 /* Assets.xcassets */,
				620147001E139C7A00D91A73 /* LaunchScreen.storyboard */,
				620147031E139C7A00D91A73 /* Info.plist */,
				620146F21E139C7A00D91A73 /* Supporting Files */,
			);
			path = WorkDemo;
			sourceTree = "<group>";
		};
		620146F21E139C7A00D91A73 /* Supporting Files */ = {
			isa = PBXGroup;
			children = (
				620146F31E139C7A00D91A73 /* main.m */,
			);
			name = "Supporting Files";
			sourceTree = "<group>";
		};
		6201470B1E139C7A00D91A73 /* WorkDemoTests */ = {
			isa = PBXGroup;
			children = (
				6201470C1E139C7A00D91A73 /* WorkDemoTests.m */,
				6201470E1E139C7A00D91A73 /* Info.plist */,
			);
			path = WorkDemoTests;
			sourceTree = "<group>";
		};
		620147161E139C7A00D91A73 /* WorkDemoUITests */ = {
			isa = PBXGroup;
			children = (
				620147171E139C7A00D91A73 /* WorkDemoUITests.m */,
				620147191E139C7A00D91A73 /* Info.plist */,
			);
			path = WorkDemoUITests;
			sourceTree = "<group>";
		};
		622069521E5692A30043CF47 /* Base */ = {
			isa = PBXGroup;
			children = (
				622069531E5692A30043CF47 /* GCDBase.h */,
				622069541E5692A30043CF47 /* GCDBase.m */,
				622069551E5692A30043CF47 /* KVCBase.h */,
				622069561E5692A30043CF47 /* KVCBase.m */,
				622069571E5692A30043CF47 /* KVOBase.h */,
				622069581E5692A30043CF47 /* KVOBase.m */,
				622069591E5692A30043CF47 /* NSCopyingBase.h */,
				6220695A1E5692A30043CF47 /* NSCopyingBase.m */,
			);
			path = Base;
			sourceTree = "<group>";
		};
		628F59F01E541F840051A46C /* MVVM */ = {
			isa = PBXGroup;
			children = (
				628F5A0C1E5434990051A46C /* View */,
				628F5A051E5433560051A46C /* Model */,
				628F59FB1E5431320051A46C /* ViewModel */,
				628F59F51E5430A90051A46C /* SimNetworking */,
			);
			path = MVVM;
			sourceTree = "<group>";
		};
		628F59F11E542C310051A46C /* Manager */ = {
			isa = PBXGroup;
			children = (
				628F59F21E542C450051A46C /* SDWebImageTools.h */,
				628F59F31E542C450051A46C /* SDWebImageTools.m */,
			);
			path = Manager;
			sourceTree = "<group>";
		};
		628F59F51E5430A90051A46C /* SimNetworking */ = {
			isa = PBXGroup;
			children = (
				628F59F61E5430BA0051A46C /* test.json */,
				628F59F81E5430E40051A46C /* ProBasicSimNetworking.h */,
				628F59F91E5430E40051A46C /* ProBasicSimNetworking.m */,
			);
			path = SimNetworking;
			sourceTree = "<group>";
		};
		628F59FB1E5431320051A46C /* ViewModel */ = {
			isa = PBXGroup;
			children = (
				628F59FF1E54324D0051A46C /* ProBasicVModel.h */,
				628F5A001E54324D0051A46C /* ProBasicVModel.m */,
				628F5A021E5432E60051A46C /* TestHomeVModel.h */,
				628F5A031E5432E60051A46C /* TestHomeVModel.m */,
			);
			path = ViewModel;
			sourceTree = "<group>";
		};
		628F5A051E5433560051A46C /* Model */ = {
			isa = PBXGroup;
			children = (
				628F5A091E5433B00051A46C /* ProBasicModel.h */,
				628F5A0A1E5433B00051A46C /* ProBasicModel.m */,
				628F5A061E54337F0051A46C /* TestHomeModel.h */,
				628F5A071E54337F0051A46C /* TestHomeModel.m */,
			);
			path = Model;
			sourceTree = "<group>";
		};
		628F5A0C1E5434990051A46C /* View */ = {
			isa = PBXGroup;
			children = (
				628F5A0D1E5434CB0051A46C /* TestViewController.h */,
				628F5A0E1E5434CB0051A46C /* TestViewController.m */,
				628F5A131E5435250051A46C /* TestCell.h */,
				628F5A141E5435250051A46C /* TestCell.m */,
			);
			path = View;
			sourceTree = "<group>";
		};
		E056C725750F492EC2C81553 /* Frameworks */ = {
			isa = PBXGroup;
			children = (
				73662F7FB8EE9D6C28A069B6 /* libPods-WorkDemo.a */,
				3A90AD8F813BF8885297C229 /* libPods-WorkDemoTests.a */,
				3D9D51A1011F141C89FD6D87 /* libPods-WorkDemoUITests.a */,
			);
			name = Frameworks;
			sourceTree = "<group>";
		};
/* End PBXGroup section */

/* Begin PBXNativeTarget section */
		620146EE1E139C7A00D91A73 /* WorkDemo */ = {
			isa = PBXNativeTarget;
			buildConfigurationList = 6201471C1E139C7A00D91A73 /* Build configuration list for PBXNativeTarget "WorkDemo" */;
			buildPhases = (
				CA3F11A2B544DA765514BE17 /* [CP] Check Pods Manifest.lock */,
				620146EB1E139C7A00D91A73 /* Sources */,
				620146EC1E139C7A00D91A73 /* Frameworks */,
				620146ED1E139C7A00D91A73 /* Resources */,
				02A5C687F017C4ED523C107D /* [CP] Embed Pods Frameworks */,
				01B4DDE80829FA65C7071B35 /* [CP] Copy Pods Resources */,
			);
			buildRules = (
			);
			dependencies = (
			);
			name = WorkDemo;
			productName = WorkDemo;
			productReference = 620146EF1E139C7A00D91A73 /* WorkDemo.app */;
			productType = "com.apple.product-type.application";
		};
		620147071E139C7A00D91A73 /* WorkDemoTests */ = {
			isa = PBXNativeTarget;
			buildConfigurationList = 6201471F1E139C7A00D91A73 /* Build configuration list for PBXNativeTarget "WorkDemoTests" */;
			buildPhases = (
				6A4083FCF31E915602C731C2 /* [CP] Check Pods Manifest.lock */,
				620147041E139C7A00D91A73 /* Sources */,
				620147051E139C7A00D91A73 /* Frameworks */,
				620147061E139C7A00D91A73 /* Resources */,
				D50ACFCF2DA4C83B99E1E08B /* [CP] Embed Pods Frameworks */,
				42399F8F53550A3B24A2AAD9 /* [CP] Copy Pods Resources */,
			);
			buildRules = (
			);
			dependencies = (
				6201470A1E139C7A00D91A73 /* PBXTargetDependency */,
			);
			name = WorkDemoTests;
			productName = WorkDemoTests;
			productReference = 620147081E139C7A00D91A73 /* WorkDemoTests.xctest */;
			productType = "com.apple.product-type.bundle.unit-test";
		};
		620147121E139C7A00D91A73 /* WorkDemoUITests */ = {
			isa = PBXNativeTarget;
			buildConfigurationList = 620147221E139C7A00D91A73 /* Build configuration list for PBXNativeTarget "WorkDemoUITests" */;
			buildPhases = (
				E96CC17E7405014743FF0932 /* [CP] Check Pods Manifest.lock */,
				6201470F1E139C7A00D91A73 /* Sources */,
				620147101E139C7A00D91A73 /* Frameworks */,
				620147111E139C7A00D91A73 /* Resources */,
				DC8BD458BC71EF916502E054 /* [CP] Embed Pods Frameworks */,
				8E3E2BACCAF8A72815DCC54A /* [CP] Copy Pods Resources */,
			);
			buildRules = (
			);
			dependencies = (
				620147151E139C7A00D91A73 /* PBXTargetDependency */,
			);
			name = WorkDemoUITests;
			productName = WorkDemoUITests;
			productReference = 620147131E139C7A00D91A73 /* WorkDemoUITests.xctest */;
			productType = "com.apple.product-type.bundle.ui-testing";
		};
/* End PBXNativeTarget section */

/* Begin PBXProject section */
		620146E71E139C7A00D91A73 /* Project object */ = {
			isa = PBXProject;
			attributes = {
				LastUpgradeCheck = 0820;
				ORGANIZATIONNAME = Aki.Xie;
				TargetAttributes = {
					620146EE1E139C7A00D91A73 = {
						CreatedOnToolsVersion = 8.2;
						DevelopmentTeam = C38VDDR6ZD;
						ProvisioningStyle = Automatic;
					};
					620147071E139C7A00D91A73 = {
						CreatedOnToolsVersion = 8.2;
						DevelopmentTeam = C38VDDR6ZD;
						ProvisioningStyle = Automatic;
						TestTargetID = 620146EE1E139C7A00D91A73;
					};
					620147121E139C7A00D91A73 = {
						CreatedOnToolsVersion = 8.2;
						DevelopmentTeam = C38VDDR6ZD;
						ProvisioningStyle = Automatic;
						TestTargetID = 620146EE1E139C7A00D91A73;
					};
				};
			};
			buildConfigurationList = 620146EA1E139C7A00D91A73 /* Build configuration list for PBXProject "WorkDemo" */;
			compatibilityVersion = "Xcode 3.2";
			developmentRegion = English;
			hasScannedForEncodings = 0;
			knownRegions = (
				en,
				Base,
			);
			mainGroup = 620146E61E139C7A00D91A73;
			productRefGroup = 620146F01E139C7A00D91A73 /* Products */;
			projectDirPath = "";
			projectRoot = "";
			targets = (
				620146EE1E139C7A00D91A73 /* WorkDemo */,
				620147071E139C7A00D91A73 /* WorkDemoTests */,
				620147121E139C7A00D91A73 /* WorkDemoUITests */,
			);
		};
/* End PBXProject section */

/* Begin PBXResourcesBuildPhase section */
		620146ED1E139C7A00D91A73 /* Resources */ = {
			isa = PBXResourcesBuildPhase;
			buildActionMask = 2147483647;
			files = (
				620147021E139C7A00D91A73 /* LaunchScreen.storyboard in Resources */,
				628F59F71E5430BA0051A46C /* test.json in Resources */,
				620146FF1E139C7A00D91A73 /* Assets.xcassets in Resources */,
				620146FD1E139C7A00D91A73 /* Main.storyboard in Resources */,
			);
			runOnlyForDeploymentPostprocessing = 0;
		};
		620147061E139C7A00D91A73 /* Resources */ = {
			isa = PBXResourcesBuildPhase;
			buildActionMask = 2147483647;
			files = (
			);
			runOnlyForDeploymentPostprocessing = 0;
		};
		620147111E139C7A00D91A73 /* Resources */ = {
			isa = PBXResourcesBuildPhase;
			buildActionMask = 2147483647;
			files = (
			);
			runOnlyForDeploymentPostprocessing = 0;
		};
/* End PBXResourcesBuildPhase section */

/* Begin PBXShellScriptBuildPhase section */
		01B4DDE80829FA65C7071B35 /* [CP] Copy Pods Resources */ = {
			isa = PBXShellScriptBuildPhase;
			buildActionMask = 2147483647;
			files = (
			);
			inputPaths = (
			);
			name = "[CP] Copy Pods Resources";
			outputPaths = (
			);
			runOnlyForDeploymentPostprocessing = 0;
			shellPath = /bin/sh;
			shellScript = "\"${SRCROOT}/Pods/Target Support Files/Pods-WorkDemo/Pods-WorkDemo-resources.sh\"\n";
			showEnvVarsInLog = 0;
		};
		02A5C687F017C4ED523C107D /* [CP] Embed Pods Frameworks */ = {
			isa = PBXShellScriptBuildPhase;
			buildActionMask = 2147483647;
			files = (
			);
			inputPaths = (
			);
			name = "[CP] Embed Pods Frameworks";
			outputPaths = (
			);
			runOnlyForDeploymentPostprocessing = 0;
			shellPath = /bin/sh;
			shellScript = "\"${SRCROOT}/Pods/Target Support Files/Pods-WorkDemo/Pods-WorkDemo-frameworks.sh\"\n";
			showEnvVarsInLog = 0;
		};
		42399F8F53550A3B24A2AAD9 /* [CP] Copy Pods Resources */ = {
			isa = PBXShellScriptBuildPhase;
			buildActionMask = 2147483647;
			files = (
			);
			inputPaths = (
			);
			name = "[CP] Copy Pods Resources";
			outputPaths = (
			);
			runOnlyForDeploymentPostprocessing = 0;
			shellPath = /bin/sh;
			shellScript = "\"${SRCROOT}/Pods/Target Support Files/Pods-WorkDemoTests/Pods-WorkDemoTests-resources.sh\"\n";
			showEnvVarsInLog = 0;
		};
		6A4083FCF31E915602C731C2 /* [CP] Check Pods Manifest.lock */ = {
			isa = PBXShellScriptBuildPhase;
			buildActionMask = 2147483647;
			files = (
			);
			inputPaths = (
			);
			name = "[CP] Check Pods Manifest.lock";
			outputPaths = (
			);
			runOnlyForDeploymentPostprocessing = 0;
			shellPath = /bin/sh;
			shellScript = "diff \"${PODS_ROOT}/../Podfile.lock\" \"${PODS_ROOT}/Manifest.lock\" > /dev/null\nif [ $? != 0 ] ; then\n    # print error to STDERR\n    echo \"error: The sandbox is not in sync with the Podfile.lock. Run 'pod install' or update your CocoaPods installation.\" >&2\n    exit 1\nfi\n";
			showEnvVarsInLog = 0;
		};
		8E3E2BACCAF8A72815DCC54A /* [CP] Copy Pods Resources */ = {
			isa = PBXShellScriptBuildPhase;
			buildActionMask = 2147483647;
			files = (
			);
			inputPaths = (
			);
			name = "[CP] Copy Pods Resources";
			outputPaths = (
			);
			runOnlyForDeploymentPostprocessing = 0;
			shellPath = /bin/sh;
			shellScript = "\"${SRCROOT}/Pods/Target Support Files/Pods-WorkDemoUITests/Pods-WorkDemoUITests-resources.sh\"\n";
			showEnvVarsInLog = 0;
		};
		CA3F11A2B544DA765514BE17 /* [CP] Check Pods Manifest.lock */ = {
			isa = PBXShellScriptBuildPhase;
			buildActionMask = 2147483647;
			files = (
			);
			inputPaths = (
			);
			name = "[CP] Check Pods Manifest.lock";
			outputPaths = (
			);
			runOnlyForDeploymentPostprocessing = 0;
			shellPath = /bin/sh;
			shellScript = "diff \"${PODS_ROOT}/../Podfile.lock\" \"${PODS_ROOT}/Manifest.lock\" > /dev/null\nif [ $? != 0 ] ; then\n    # print error to STDERR\n    echo \"error: The sandbox is not in sync with the Podfile.lock. Run 'pod install' or update your CocoaPods installation.\" >&2\n    exit 1\nfi\n";
			showEnvVarsInLog = 0;
		};
		D50ACFCF2DA4C83B99E1E08B /* [CP] Embed Pods Frameworks */ = {
			isa = PBXShellScriptBuildPhase;
			buildActionMask = 2147483647;
			files = (
			);
			inputPaths = (
			);
			name = "[CP] Embed Pods Frameworks";
			outputPaths = (
			);
			runOnlyForDeploymentPostprocessing = 0;
			shellPath = /bin/sh;
			shellScript = "\"${SRCROOT}/Pods/Target Support Files/Pods-WorkDemoTests/Pods-WorkDemoTests-frameworks.sh\"\n";
			showEnvVarsInLog = 0;
		};
		DC8BD458BC71EF916502E054 /* [CP] Embed Pods Frameworks */ = {
			isa = PBXShellScriptBuildPhase;
			buildActionMask = 2147483647;
			files = (
			);
			inputPaths = (
			);
			name = "[CP] Embed Pods Frameworks";
			outputPaths = (
			);
			runOnlyForDeploymentPostprocessing = 0;
			shellPath = /bin/sh;
			shellScript = "\"${SRCROOT}/Pods/Target Support Files/Pods-WorkDemoUITests/Pods-WorkDemoUITests-frameworks.sh\"\n";
			showEnvVarsInLog = 0;
		};
		E96CC17E7405014743FF0932 /* [CP] Check Pods Manifest.lock */ = {
			isa = PBXShellScriptBuildPhase;
			buildActionMask = 2147483647;
			files = (
			);
			inputPaths = (
			);
			name = "[CP] Check Pods Manifest.lock";
			outputPaths = (
			);
			runOnlyForDeploymentPostprocessing = 0;
			shellPath = /bin/sh;
			shellScript = "diff \"${PODS_ROOT}/../Podfile.lock\" \"${PODS_ROOT}/Manifest.lock\" > /dev/null\nif [ $? != 0 ] ; then\n    # print error to STDERR\n    echo \"error: The sandbox is not in sync with the Podfile.lock. Run 'pod install' or update your CocoaPods installation.\" >&2\n    exit 1\nfi\n";
			showEnvVarsInLog = 0;
		};
/* End PBXShellScriptBuildPhase section */

/* Begin PBXSourcesBuildPhase section */
		620146EB1E139C7A00D91A73 /* Sources */ = {
			isa = PBXSourcesBuildPhase;
			buildActionMask = 2147483647;
			files = (
				628F59FA1E5430E40051A46C /* ProBasicSimNetworking.m in Sources */,
				620146FA1E139C7A00D91A73 /* ViewController.m in Sources */,
				628F5A041E5432E60051A46C /* TestHomeVModel.m in Sources */,
				628F59F41E542C450051A46C /* SDWebImageTools.m in Sources */,
				6220695C1E5692A30043CF47 /* KVCBase.m in Sources */,
				628F5A151E5435250051A46C /* TestCell.m in Sources */,
				628F5A0F1E5434CB0051A46C /* TestViewController.m in Sources */,
				628F5A011E54324D0051A46C /* ProBasicVModel.m in Sources */,
				628F5A081E54337F0051A46C /* TestHomeModel.m in Sources */,
				628F5A0B1E5433B00051A46C /* ProBasicModel.m in Sources */,
				6220695B1E5692A30043CF47 /* GCDBase.m in Sources */,
				6220695D1E5692A30043CF47 /* KVOBase.m in Sources */,
				6220695E1E5692A30043CF47 /* NSCopyingBase.m in Sources */,
				620146F71E139C7A00D91A73 /* AppDelegate.m in Sources */,
				620146F41E139C7A00D91A73 /* main.m in Sources */,
			);
			runOnlyForDeploymentPostprocessing = 0;
		};
		620147041E139C7A00D91A73 /* Sources */ = {
			isa = PBXSourcesBuildPhase;
			buildActionMask = 2147483647;
			files = (
				6201470D1E139C7A00D91A73 /* WorkDemoTests.m in Sources */,
			);
			runOnlyForDeploymentPostprocessing = 0;
		};
		6201470F1E139C7A00D91A73 /* Sources */ = {
			isa = PBXSourcesBuildPhase;
			buildActionMask = 2147483647;
			files = (
				620147181E139C7A00D91A73 /* WorkDemoUITests.m in Sources */,
			);
			runOnlyForDeploymentPostprocessing = 0;
		};
/* End PBXSourcesBuildPhase section */

/* Begin PBXTargetDependency section */
		6201470A1E139C7A00D91A73 /* PBXTargetDependency */ = {
			isa = PBXTargetDependency;
			target = 620146EE1E139C7A00D91A73 /* WorkDemo */;
			targetProxy = 620147091E139C7A00D91A73 /* PBXContainerItemProxy */;
		};
		620147151E139C7A00D91A73 /* PBXTargetDependency */ = {
			isa = PBXTargetDependency;
			target = 620146EE1E139C7A00D91A73 /* WorkDemo */;
			targetProxy = 620147141E139C7A00D91A73 /* PBXContainerItemProxy */;
		};
/* End PBXTargetDependency section */

/* Begin PBXVariantGroup section */
		620146FB1E139C7A00D91A73 /* Main.storyboard */ = {
			isa = PBXVariantGroup;
			children = (
				620146FC1E139C7A00D91A73 /* Base */,
			);
			name = Main.storyboard;
			sourceTree = "<group>";
		};
		620147001E139C7A00D91A73 /* LaunchScreen.storyboard */ = {
			isa = PBXVariantGroup;
			children = (
				620147011E139C7A00D91A73 /* Base */,
			);
			name = LaunchScreen.storyboard;
			sourceTree = "<group>";
		};
/* End PBXVariantGroup section */

/* Begin XCBuildConfiguration section */
		6201471A1E139C7A00D91A73 /* Debug */ = {
			isa = XCBuildConfiguration;
			buildSettings = {
				ALWAYS_SEARCH_USER_PATHS = NO;
				CLANG_ANALYZER_NONNULL = YES;
				CLANG_CXX_LANGUAGE_STANDARD = "gnu++0x";
				CLANG_CXX_LIBRARY = "libc++";
				CLANG_ENABLE_MODULES = YES;
				CLANG_ENABLE_OBJC_ARC = YES;
				CLANG_WARN_BOOL_CONVERSION = YES;
				CLANG_WARN_CONSTANT_CONVERSION = YES;
				CLANG_WARN_DIRECT_OBJC_ISA_USAGE = YES_ERROR;
				CLANG_WARN_DOCUMENTATION_COMMENTS = YES;
				CLANG_WARN_EMPTY_BODY = YES;
				CLANG_WARN_ENUM_CONVERSION = YES;
				CLANG_WARN_INFINITE_RECURSION = YES;
				CLANG_WARN_INT_CONVERSION = YES;
				CLANG_WARN_OBJC_ROOT_CLASS = YES_ERROR;
				CLANG_WARN_SUSPICIOUS_MOVE = YES;
				CLANG_WARN_UNREACHABLE_CODE = YES;
				CLANG_WARN__DUPLICATE_METHOD_MATCH = YES;
				"CODE_SIGN_IDENTITY[sdk=iphoneos*]" = "iPhone Developer";
				COPY_PHASE_STRIP = NO;
				DEBUG_INFORMATION_FORMAT = dwarf;
				ENABLE_STRICT_OBJC_MSGSEND = YES;
				ENABLE_TESTABILITY = YES;
				GCC_C_LANGUAGE_STANDARD = gnu99;
				GCC_DYNAMIC_NO_PIC = NO;
				GCC_NO_COMMON_BLOCKS = YES;
				GCC_OPTIMIZATION_LEVEL = 0;
				GCC_PREPROCESSOR_DEFINITIONS = (
					"DEBUG=1",
					"$(inherited)",
				);
				GCC_WARN_64_TO_32_BIT_CONVERSION = YES;
				GCC_WARN_ABOUT_RETURN_TYPE = YES_ERROR;
				GCC_WARN_UNDECLARED_SELECTOR = YES;
				GCC_WARN_UNINITIALIZED_AUTOS = YES_AGGRESSIVE;
				GCC_WARN_UNUSED_FUNCTION = YES;
				GCC_WARN_UNUSED_VARIABLE = YES;
				IPHONEOS_DEPLOYMENT_TARGET = 10.2;
				MTL_ENABLE_DEBUG_INFO = YES;
				ONLY_ACTIVE_ARCH = YES;
				SDKROOT = iphoneos;
			};
			name = Debug;
		};
		6201471B1E139C7A00D91A73 /* Release */ = {
			isa = XCBuildConfiguration;
			buildSettings = {
				ALWAYS_SEARCH_USER_PATHS = NO;
				CLANG_ANALYZER_NONNULL = YES;
				CLANG_CXX_LANGUAGE_STANDARD = "gnu++0x";
				CLANG_CXX_LIBRARY = "libc++";
				CLANG_ENABLE_MODULES = YES;
				CLANG_ENABLE_OBJC_ARC = YES;
				CLANG_WARN_BOOL_CONVERSION = YES;
				CLANG_WARN_CONSTANT_CONVERSION = YES;
				CLANG_WARN_DIRECT_OBJC_ISA_USAGE = YES_ERROR;
				CLANG_WARN_DOCUMENTATION_COMMENTS = YES;
				CLANG_WARN_EMPTY_BODY = YES;
				CLANG_WARN_ENUM_CONVERSION = YES;
				CLANG_WARN_INFINITE_RECURSION = YES;
				CLANG_WARN_INT_CONVERSION = YES;
				CLANG_WARN_OBJC_ROOT_CLASS = YES_ERROR;
				CLANG_WARN_SUSPICIOUS_MOVE = YES;
				CLANG_WARN_UNREACHABLE_CODE = YES;
				CLANG_WARN__DUPLICATE_METHOD_MATCH = YES;
				"CODE_SIGN_IDENTITY[sdk=iphoneos*]" = "iPhone Developer";
				COPY_PHASE_STRIP = NO;
				DEBUG_INFORMATION_FORMAT = "dwarf-with-dsym";
				ENABLE_NS_ASSERTIONS = NO;
				ENABLE_STRICT_OBJC_MSGSEND = YES;
				GCC_C_LANGUAGE_STANDARD = gnu99;
				GCC_NO_COMMON_BLOCKS = YES;
				GCC_WARN_64_TO_32_BIT_CONVERSION = YES;
				GCC_WARN_ABOUT_RETURN_TYPE = YES_ERROR;
				GCC_WARN_UNDECLARED_SELECTOR = YES;
				GCC_WARN_UNINITIALIZED_AUTOS = YES_AGGRESSIVE;
				GCC_WARN_UNUSED_FUNCTION = YES;
				GCC_WARN_UNUSED_VARIABLE = YES;
				IPHONEOS_DEPLOYMENT_TARGET = 10.2;
				MTL_ENABLE_DEBUG_INFO = NO;
				SDKROOT = iphoneos;
				VALIDATE_PRODUCT = YES;
			};
			name = Release;
		};
		6201471D1E139C7A00D91A73 /* Debug */ = {
			isa = XCBuildConfiguration;
			baseConfigurationReference = 22F5E67DDA3D8CB2A529E4E6 /* Pods-WorkDemo.debug.xcconfig */;
			buildSettings = {
				ASSETCATALOG_COMPILER_APPICON_NAME = AppIcon;
				DEVELOPMENT_TEAM = C38VDDR6ZD;
				INFOPLIST_FILE = WorkDemo/Info.plist;
				LD_RUNPATH_SEARCH_PATHS = "$(inherited) @executable_path/Frameworks";
				PRODUCT_BUNDLE_IDENTIFIER = AX.WorkDemo;
				PRODUCT_NAME = "$(TARGET_NAME)";
			};
			name = Debug;
		};
		6201471E1E139C7A00D91A73 /* Release */ = {
			isa = XCBuildConfiguration;
			baseConfigurationReference = 7E7C9D3C2A78A6C2C53D9CDC /* Pods-WorkDemo.release.xcconfig */;
			buildSettings = {
				ASSETCATALOG_COMPILER_APPICON_NAME = AppIcon;
				DEVELOPMENT_TEAM = C38VDDR6ZD;
				INFOPLIST_FILE = WorkDemo/Info.plist;
				LD_RUNPATH_SEARCH_PATHS = "$(inherited) @executable_path/Frameworks";
				PRODUCT_BUNDLE_IDENTIFIER = AX.WorkDemo;
				PRODUCT_NAME = "$(TARGET_NAME)";
			};
			name = Release;
		};
		620147201E139C7A00D91A73 /* Debug */ = {
			isa = XCBuildConfiguration;
			baseConfigurationReference = 392663ED9048B77C1C7B27A0 /* Pods-WorkDemoTests.debug.xcconfig */;
			buildSettings = {
				BUNDLE_LOADER = "$(TEST_HOST)";
				DEVELOPMENT_TEAM = C38VDDR6ZD;
				INFOPLIST_FILE = WorkDemoTests/Info.plist;
				LD_RUNPATH_SEARCH_PATHS = "$(inherited) @executable_path/Frameworks @loader_path/Frameworks";
				PRODUCT_BUNDLE_IDENTIFIER = AX.WorkDemoTests;
				PRODUCT_NAME = "$(TARGET_NAME)";
				TEST_HOST = "$(BUILT_PRODUCTS_DIR)/WorkDemo.app/WorkDemo";
			};
			name = Debug;
		};
		620147211E139C7A00D91A73 /* Release */ = {
			isa = XCBuildConfiguration;
			baseConfigurationReference = 07EFEEB59731752E3E3C31C4 /* Pods-WorkDemoTests.release.xcconfig */;
			buildSettings = {
				BUNDLE_LOADER = "$(TEST_HOST)";
				DEVELOPMENT_TEAM = C38VDDR6ZD;
				INFOPLIST_FILE = WorkDemoTests/Info.plist;
				LD_RUNPATH_SEARCH_PATHS = "$(inherited) @executable_path/Frameworks @loader_path/Frameworks";
				PRODUCT_BUNDLE_IDENTIFIER = AX.WorkDemoTests;
				PRODUCT_NAME = "$(TARGET_NAME)";
				TEST_HOST = "$(BUILT_PRODUCTS_DIR)/WorkDemo.app/WorkDemo";
			};
			name = Release;
		};
		620147231E139C7A00D91A73 /* Debug */ = {
			isa = XCBuildConfiguration;
			baseConfigurationReference = FACD506C0F5313C65B687A04 /* Pods-WorkDemoUITests.debug.xcconfig */;
			buildSettings = {
				DEVELOPMENT_TEAM = C38VDDR6ZD;
				INFOPLIST_FILE = WorkDemoUITests/Info.plist;
				LD_RUNPATH_SEARCH_PATHS = "$(inherited) @executable_path/Frameworks @loader_path/Frameworks";
				PRODUCT_BUNDLE_IDENTIFIER = AX.WorkDemoUITests;
				PRODUCT_NAME = "$(TARGET_NAME)";
				TEST_TARGET_NAME = WorkDemo;
			};
			name = Debug;
		};
		620147241E139C7A00D91A73 /* Release */ = {
			isa = XCBuildConfiguration;
			baseConfigurationReference = 3C1CDC422E1628FAF951A0C6 /* Pods-WorkDemoUITests.release.xcconfig */;
			buildSettings = {
				DEVELOPMENT_TEAM = C38VDDR6ZD;
				INFOPLIST_FILE = WorkDemoUITests/Info.plist;
				LD_RUNPATH_SEARCH_PATHS = "$(inherited) @executable_path/Frameworks @loader_path/Frameworks";
				PRODUCT_BUNDLE_IDENTIFIER = AX.WorkDemoUITests;
				PRODUCT_NAME = "$(TARGET_NAME)";
				TEST_TARGET_NAME = WorkDemo;
			};
			name = Release;
		};
/* End XCBuildConfiguration section */

/* Begin XCConfigurationList section */
		620146EA1E139C7A00D91A73 /* Build configuration list for PBXProject "WorkDemo" */ = {
			isa = XCConfigurationList;
			buildConfigurations = (
				6201471A1E139C7A00D91A73 /* Debug */,
				6201471B1E139C7A00D91A73 /* Release */,
			);
			defaultConfigurationIsVisible = 0;
			defaultConfigurationName = Release;
		};
		6201471C1E139C7A00D91A73 /* Build configuration list for PBXNativeTarget "WorkDemo" */ = {
			isa = XCConfigurationList;
			buildConfigurations = (
				6201471D1E139C7A00D91A73 /* Debug */,
				6201471E1E139C7A00D91A73 /* Release */,
			);
			defaultConfigurationIsVisible = 0;
			defaultConfigurationName = Release;
		};
		6201471F1E139C7A00D91A73 /* Build configuration list for PBXNativeTarget "WorkDemoTests" */ = {
			isa = XCConfigurationList;
			buildConfigurations = (
				620147201E139C7A00D91A73 /* Debug */,
				620147211E139C7A00D91A73 /* Release */,
			);
			defaultConfigurationIsVisible = 0;
			defaultConfigurationName = Release;
		};
		620147221E139C7A00D91A73 /* Build configuration list for PBXNativeTarget "WorkDemoUITests" */ = {
			isa = XCConfigurationList;
			buildConfigurations = (
				620147231E139C7A00D91A73 /* Debug */,
				620147241E139C7A00D91A73 /* Release */,
			);
			defaultConfigurationIsVisible = 0;
			defaultConfigurationName = Release;
		};
/* End XCConfigurationList section */
	};
	rootObject = 620146E71E139C7A00D91A73 /* Project object */;
}
